
Microsoft Visual Studio Solution File, Format Version 12.00
# Visual Studio Version 17
VisualStudioVersion = 17.2.32630.192
MinimumVisualStudioVersion = 10.0.40219.1
Project("{9A19103F-16F7-4668-BE54-9A1E7A4F7556}") = "IataMessageProcessor", "IataMessageProcessor\IataMessageProcessor.csproj", "{6FCFD560-BBA9-4A71-A527-47727FBF1C6D}"
EndProject
Project("{9A19103F-16F7-4668-BE54-9A1E7A4F7556}") = "IataMessageTests", "IataMessageTests\IataMessageTests.csproj", "{3FDAA9D1-C3AC-4AE3-82A0-7B7983BA833B}"
EndProject
Global
	GlobalSection(SolutionConfigurationPlatforms) = preSolution
		Debug|Any CPU = Debug|Any CPU
		Release|Any CPU = Release|Any CPU
	EndGlobalSection
	GlobalSection(ProjectConfigurationPlatforms) = postSolution
		{6FCFD560-BBA9-4A71-A527-47727FBF1C6D}.Debug|Any CPU.ActiveCfg = Debug|Any CPU
		{6FCFD560-BBA9-4A71-A527-47727FBF1C6D}.Debug|Any CPU.Build.0 = Debug|Any CPU
		{6FCFD560-BBA9-4A71-A527-47727FBF1C6D}.Release|Any CPU.ActiveCfg = Release|Any CPU
		{6FCFD560-BBA9-4A71-A527-47727FBF1C6D}.Release|Any CPU.Build.0 = Release|Any CPU
		{3FDAA9D1-C3AC-4AE3-82A0-7B7983BA833B}.Debug|Any CPU.ActiveCfg = Debug|Any CPU
		{3FDAA9D1-C3AC-4AE3-82A0-7B7983BA833B}.Debug|Any CPU.Build.0 = Debug|Any CPU
		{3FDAA9D1-C3AC-4AE3-82A0-7B7983BA833B}.Release|Any CPU.ActiveCfg = Release|Any CPU
		{3FDAA9D1-C3AC-4AE3-82A0-7B7983BA833B}.Release|Any CPU.Build.0 = Release|Any CPU
	EndGlobalSection
	GlobalSection(SolutionProperties) = preSolution
		HideSolutionNode = FALSE
	EndGlobalSection
	GlobalSection(ExtensibilityGlobals) = postSolution
		SolutionGuid = {B23D204D-D17F-49D3-9098-5EC27C7E211A}
	EndGlobalSection
EndGlobal
